{"1.2.0",
[{<<"eredis">>,{pkg,<<"eredis">>,<<"1.1.0">>},1},
 {<<"eredis_cluster">>,{pkg,<<"eredis_cluster">>,<<"0.5.10">>},0},
 {<<"poolboy">>,{pkg,<<"poolboy">>,<<"1.5.2">>},1}]}.
[
{pkg_hash,[
 {<<"eredis">>, <<"8D8D74496F35216679B97726B75FB1C8715E99DD7F3EF9F9824A2264C3E0AAC0">>},
 {<<"eredis_cluster">>, <<"144344C8D34058F249F5DA8CCCAC7F03AE77B2CCBC4CE55A99CE2DB7676BBB85">>},
 {<<"poolboy">>, <<"392B007A1693A64540CEAD79830443ABF5762F5D30CF50BC95CB2C1AAAFA006B">>}]},
{pkg_hash_ext,[
 {<<"eredis">>, <<"80212B6237E1102E85B672AD7364037B44E3FEE95A9C805E77C6CAC93480857A">>},
 {<<"eredis_cluster">>, <<"33236C43D408890170CC189D29EAC358909248ADF40DAC6DAF328A90AC0C8E40">>},
 {<<"poolboy">>, <<"DAD79704CE5440F3D5A3681C8590B9DC25D1A561E8F5A9C995281012860901E3">>}]}
].
